
Microsoft Visual Studio Solution File, Format Version 12.00
# Visual Studio 15
VisualStudioVersion = 15.0.33529.398
MinimumVisualStudioVersion = 10.0.40219.1
Project("{FAE04EC0-301F-11D3-BF4B-00C04F79EFBC}") = "DatVeXe", "DatVeXe\DatVeXe.csproj", "{0E929E93-DBFC-4A02-BB1F-D6A2E19A7B2D}"
EndProject
Global
	GlobalSection(SolutionConfigurationPlatforms) = preSolution
		Debug|Any CPU = Debug|Any CPU
		Release|Any CPU = Release|Any CPU
	EndGlobalSection
	GlobalSection(ProjectConfigurationPlatforms) = postSolution
		{0E929E93-DBFC-4A02-BB1F-D6A2E19A7B2D}.Debug|Any CPU.ActiveCfg = Debug|Any CPU
		{0E929E93-DBFC-4A02-BB1F-D6A2E19A7B2D}.Debug|Any CPU.Build.0 = Debug|Any CPU
		{0E929E93-DBFC-4A02-BB1F-D6A2E19A7B2D}.Release|Any CPU.ActiveCfg = Release|Any CPU
		{0E929E93-DBFC-4A02-BB1F-D6A2E19A7B2D}.Release|Any CPU.Build.0 = Release|Any CPU
	EndGlobalSection
	GlobalSection(SolutionProperties) = preSolution
		HideSolutionNode = FALSE
	EndGlobalSection
	GlobalSection(ExtensibilityGlobals) = postSolution
		SolutionGuid = {02513FDF-4F67-4F64-9E2B-EBB64810A9A2}
	EndGlobalSection
EndGlobal
